
Microsoft Visual Studio Solution File, Format Version 12.00
# Visual Studio Version 17
VisualStudioVersion = 17.1.32228.430
MinimumVisualStudioVersion = 10.0.40219.1
Project("{9A19103F-16F7-4668-BE54-9A1E7A4F7556}") = "ExpenseManagement.Server", "ExpenseManagement\Server\ExpenseManagement.Server.csproj", "{D3B815C6-AE76-46CF-848D-1C43AFB5A905}"
EndProject
Project("{9A19103F-16F7-4668-BE54-9A1E7A4F7556}") = "ExpenseManagement.Client", "ExpenseManagement\Client\ExpenseManagement.Client.csproj", "{C740F8EB-280C-4D70-86B5-7022EFAF5B43}"
EndProject
Project("{9A19103F-16F7-4668-BE54-9A1E7A4F7556}") = "ExpenseManagement.Shared", "ExpenseManagement\Shared\ExpenseManagement.Shared.csproj", "{639B9508-0E37-4D27-A124-E52AB09B86A7}"
EndProject
Project("{9A19103F-16F7-4668-BE54-9A1E7A4F7556}") = "ExpenseManagement.Services", "ExpenseManagement.Services\ExpenseManagement.Services.csproj", "{98BD4996-22C3-4FF8-BB39-B31A863AA7E6}"
EndProject
Project("{9A19103F-16F7-4668-BE54-9A1E7A4F7556}") = "ExpenseManagement.Infra", "ExpenseManagement.Infra\ExpenseManagement.Infra.csproj", "{18D06C5C-5D53-411D-964A-86B1A76A66AA}"
EndProject
Project("{2150E333-8FDC-42A3-9474-1A3956D46DE8}") = "01 - Client", "01 - Client", "{F8D4BA69-5351-4704-8034-1523F1444B93}"
EndProject
Project("{2150E333-8FDC-42A3-9474-1A3956D46DE8}") = "02 - Server", "02 - Server", "{C973A7C4-8607-44EB-AC09-FC7542C8E3A2}"
EndProject
Project("{2150E333-8FDC-42A3-9474-1A3956D46DE8}") = "03 - Domain", "03 - Domain", "{79E16721-B8EA-4DB2-8FC0-891D6F24014E}"
EndProject
Global
	GlobalSection(SolutionConfigurationPlatforms) = preSolution
		Debug|Any CPU = Debug|Any CPU
		Release|Any CPU = Release|Any CPU
	EndGlobalSection
	GlobalSection(ProjectConfigurationPlatforms) = postSolution
		{D3B815C6-AE76-46CF-848D-1C43AFB5A905}.Debug|Any CPU.ActiveCfg = Debug|Any CPU
		{D3B815C6-AE76-46CF-848D-1C43AFB5A905}.Debug|Any CPU.Build.0 = Debug|Any CPU
		{D3B815C6-AE76-46CF-848D-1C43AFB5A905}.Release|Any CPU.ActiveCfg = Release|Any CPU
		{D3B815C6-AE76-46CF-848D-1C43AFB5A905}.Release|Any CPU.Build.0 = Release|Any CPU
		{C740F8EB-280C-4D70-86B5-7022EFAF5B43}.Debug|Any CPU.ActiveCfg = Debug|Any CPU
		{C740F8EB-280C-4D70-86B5-7022EFAF5B43}.Debug|Any CPU.Build.0 = Debug|Any CPU
		{C740F8EB-280C-4D70-86B5-7022EFAF5B43}.Release|Any CPU.ActiveCfg = Release|Any CPU
		{C740F8EB-280C-4D70-86B5-7022EFAF5B43}.Release|Any CPU.Build.0 = Release|Any CPU
		{639B9508-0E37-4D27-A124-E52AB09B86A7}.Debug|Any CPU.ActiveCfg = Debug|Any CPU
		{639B9508-0E37-4D27-A124-E52AB09B86A7}.Debug|Any CPU.Build.0 = Debug|Any CPU
		{639B9508-0E37-4D27-A124-E52AB09B86A7}.Release|Any CPU.ActiveCfg = Release|Any CPU
		{639B9508-0E37-4D27-A124-E52AB09B86A7}.Release|Any CPU.Build.0 = Release|Any CPU
		{98BD4996-22C3-4FF8-BB39-B31A863AA7E6}.Debug|Any CPU.ActiveCfg = Debug|Any CPU
		{98BD4996-22C3-4FF8-BB39-B31A863AA7E6}.Debug|Any CPU.Build.0 = Debug|Any CPU
		{98BD4996-22C3-4FF8-BB39-B31A863AA7E6}.Release|Any CPU.ActiveCfg = Release|Any CPU
		{98BD4996-22C3-4FF8-BB39-B31A863AA7E6}.Release|Any CPU.Build.0 = Release|Any CPU
		{18D06C5C-5D53-411D-964A-86B1A76A66AA}.Debug|Any CPU.ActiveCfg = Debug|Any CPU
		{18D06C5C-5D53-411D-964A-86B1A76A66AA}.Debug|Any CPU.Build.0 = Debug|Any CPU
		{18D06C5C-5D53-411D-964A-86B1A76A66AA}.Release|Any CPU.ActiveCfg = Release|Any CPU
		{18D06C5C-5D53-411D-964A-86B1A76A66AA}.Release|Any CPU.Build.0 = Release|Any CPU
	EndGlobalSection
	GlobalSection(SolutionProperties) = preSolution
		HideSolutionNode = FALSE
	EndGlobalSection
	GlobalSection(NestedProjects) = preSolution
		{D3B815C6-AE76-46CF-848D-1C43AFB5A905} = {C973A7C4-8607-44EB-AC09-FC7542C8E3A2}
		{C740F8EB-280C-4D70-86B5-7022EFAF5B43} = {F8D4BA69-5351-4704-8034-1523F1444B93}
		{639B9508-0E37-4D27-A124-E52AB09B86A7} = {79E16721-B8EA-4DB2-8FC0-891D6F24014E}
		{98BD4996-22C3-4FF8-BB39-B31A863AA7E6} = {C973A7C4-8607-44EB-AC09-FC7542C8E3A2}
		{18D06C5C-5D53-411D-964A-86B1A76A66AA} = {C973A7C4-8607-44EB-AC09-FC7542C8E3A2}
	EndGlobalSection
	GlobalSection(ExtensibilityGlobals) = postSolution
		SolutionGuid = {A79725E9-06E4-40A0-939A-3DBA504AAFE0}
	EndGlobalSection
EndGlobal
